<Solution>
  <Folder Name="/src/">
    <Project Path="src/Catalog.Api/Catalog.Api.csproj" />
    <Project Path="src/Catalog.Application/Catalog.Application.csproj" />
    <Project Path="src/Catalog.Domain/Catalog.Domain.csproj" />
    <Project Path="src/Catalog.Infrastructure/Catalog.Infrastructure.csproj" />
  </Folder>
  <Folder Name="/tests/">
    <Project Path="tests/Catalog.ArchitectureTests/Catalog.ArchitectureTests.csproj" />
    <Project Path="tests/Catalog.IntegrationTests/Catalog.IntegrationTests.csproj" />
    <Project Path="tests/Catalog.UnitTests/Catalog.UnitTests.csproj" />
  </Folder>
</Solution>
